
Microsoft Visual Studio Solution File, Format Version 12.00
# Visual Studio Version 17
VisualStudioVersion = 17.10.35122.118
MinimumVisualStudioVersion = 10.0.40219.1
Project("{FAE04EC0-301F-11D3-BF4B-00C04F79EFBC}") = "Training", "Training.csproj", "{493278A2-C716-4D59-98B1-633060E02C85}"
EndProject
Global
	GlobalSection(SolutionConfigurationPlatforms) = preSolution
		Debug|Any CPU = Debug|Any CPU
		Release|Any CPU = Release|Any CPU
	EndGlobalSection
	GlobalSection(ProjectConfigurationPlatforms) = postSolution
		{493278A2-C716-4D59-98B1-633060E02C85}.Debug|Any CPU.ActiveCfg = Debug|Any CPU
		{493278A2-C716-4D59-98B1-633060E02C85}.Debug|Any CPU.Build.0 = Debug|Any CPU
		{493278A2-C716-4D59-98B1-633060E02C85}.Release|Any CPU.ActiveCfg = Release|Any CPU
		{493278A2-C716-4D59-98B1-633060E02C85}.Release|Any CPU.Build.0 = Release|Any CPU
	EndGlobalSection
	GlobalSection(SolutionProperties) = preSolution
		HideSolutionNode = FALSE
	EndGlobalSection
	GlobalSection(ExtensibilityGlobals) = postSolution
		SolutionGuid = {411077D9-6F19-4A12-BAEA-32BE4F66D81E}
	EndGlobalSection
EndGlobal
